# This file is autogenerated, do not edit; changes may be undone by the next 'dep ensure'.


[[projects]]
  name = "github.com/monkeydioude/tools"
  packages = ["."]
  revision = "9cf139acb9b440aaa5e9c8abbc0bd04bc3133e34"
  version = "2.4.0"

[solve-meta]
  analyzer-name = "dep"
  analyzer-version = 1
  inputs-digest = "102e100d94d2ebcd1eaedef98954eef34418437cdf7952c7aee1eb88dced62af"
  solver-name = "gps-cdcl"
  solver-version = 1
